<?xml version="1.0" encoding="utf-8"?>
<Project ToolsVersion="4.0" xmlns="http://schemas.microsoft.com/developer/msbuild/2003">
  <ItemGroup>
    <ClCompile Include="Ant.cpp" />
    <ClCompile Include="Common.cpp" />
    <ClCompile Include="Game.cpp" />
    <ClCompile Include="Helpers.cpp" />
    <ClCompile Include="Main.cpp" />
    <ClCompile Include="Object.cpp" />
    <ClCompile Include="ObjectManager.cpp" />
    <ClCompile Include="Player.cpp" />
    <ClCompile Include="Bullet.cpp" />
    <ClCompile Include="Turret.cpp" />
    <ClCompile Include="Utility\Camera.cpp" />
  </ItemGroup>
  <ItemGroup>
    <ClInclude Include="Ant.h" />
    <ClInclude Include="Common.h" />
    <ClInclude Include="Game.h" />
    <ClInclude Include="GameDefines.h" />
    <ClInclude Include="Helpers.h" />
    <ClInclude Include="Object.h" />
    <ClInclude Include="ObjectManager.h" />
    <ClInclude Include="Player.h" />
    <ClInclude Include="Bullet.h" />
    <ClInclude Include="Turret.h" />
    <ClInclude Include="Utility\GameCamera.h" />
  </ItemGroup>
  <ItemGroup>
    <ResourceCompile Include="My Game.rc" />
  </ItemGroup>
</Project>